{
  "name": "svdoko-use",
  "lockfileVersion": 3,
  "requires": true,
  "packages": {
    "": {
      "dependencies": {
        "pedistmv": "^1.0.0",
        "silvodes": "^1.0.2"
      }
    },
    "node_modules/asynckit": {
      "version": "0.4.0",
      "resolved": "https://registry.npmjs.org/asynckit/-/asynckit-0.4.0.tgz",
      "integrity": "sha512-Oei9OH4tRh0YqU3GxhX79dM/mwVgvbZJaSNaRk+bshkj0S5cfHcgYakreBjrHwatXKbz+IoIdYLxrKim2MjW0Q=="
    },
    "node_modules/axios": {
      "version": "1.6.7",
      "resolved": "https://registry.npmjs.org/axios/-/axios-1.6.7.tgz",
      "integrity": "sha512-/hDJGff6/c7u0hDkvkGxR/oy6CbCs8ziCsC7SqmhjfozqiJGc8Z11wrv9z9lYfY4K8l+H9TpjcMDX0xOZmx+RA==",
      "dependencies": {
        "follow-redirects": "^1.15.4",
        "form-data": "^4.0.0",
        "proxy-from-env": "^1.1.0"
      }
    },
    "node_modules/axios-low-encapsulation": {
      "version": "1.0.4",
      "resolved": "https://registry.npmjs.org/axios-low-encapsulation/-/axios-low-encapsulation-1.0.4.tgz",
      "integrity": "sha512-FKCTgFtU5fCFe/sXEsD2SkfT2yuSp1OViE3CjOweDaJ2HSQvwif0EwkevaL1fD5RLjJH+9S2CQm4rSMnizPMig==",
      "dependencies": {
        "axios": "^1.6.7"
      }
    },
    "node_modules/axios-windtop": {
      "version": "1.0.4",
      "resolved": "https://registry.npmjs.org/axios-windtop/-/axios-windtop-1.0.4.tgz",
      "integrity": "sha512-xuGCnsv1C7WP+1veGIQevFbnAZ+v3zWji3RPdLJyTuiPdNksik5sDevdfq8fUxB68JGDBLYIjt90q+TfY7Jm8g==",
      "dependencies": {
        "axios-low-encapsulation": "^1.0.1",
        "commander": "^12.0.0"
      }
    },
    "node_modules/chalk": {
      "version": "5.3.0",
      "resolved": "https://registry.npmjs.org/chalk/-/chalk-5.3.0.tgz",
      "integrity": "sha512-dLitG79d+GV1Nb/VYcCDFivJeK1hiukt9QjRNVOsUtTy1rR1YJsmpGGTZ3qJos+uw7WmWF4wUwBd9jxjocFC2w==",
      "engines": {
        "node": "^12.17.0 || ^14.13 || >=16.0.0"
      },
      "funding": {
        "url": "https://github.com/chalk/chalk?sponsor=1"
      }
    },
    "node_modules/combined-stream": {
      "version": "1.0.8",
      "resolved": "https://registry.npmjs.org/combined-stream/-/combined-stream-1.0.8.tgz",
      "integrity": "sha512-FQN4MRfuJeHf7cBbBMJFXhKSDq+2kAArBlmRBvcvFE5BB1HZKXtSFASDhdlz9zOYwxh8lDdnvmMOe/+5cdoEdg==",
      "dependencies": {
        "delayed-stream": "~1.0.0"
      },
      "engines": {
        "node": ">= 0.8"
      }
    },
    "node_modules/commander": {
      "version": "12.0.0",
      "resolved": "https://registry.npmjs.org/commander/-/commander-12.0.0.tgz",
      "integrity": "sha512-MwVNWlYjDTtOjX5PiD7o5pK0UrFU/OYgcJfjjK4RaHZETNtjJqrZa9Y9ds88+A+f+d5lv+561eZ+yCKoS3gbAA==",
      "engines": {
        "node": ">=18"
      }
    },
    "node_modules/delayed-stream": {
      "version": "1.0.0",
      "resolved": "https://registry.npmjs.org/delayed-stream/-/delayed-stream-1.0.0.tgz",
      "integrity": "sha512-ZySD7Nf91aLB0RxL4KGrKHBXl7Eds1DAmEdcoVawXnLD7SDhpNgtuII2aAkg7a7QS41jxPSZ17p4VdGnMHk3MQ==",
      "engines": {
        "node": ">=0.4.0"
      }
    },
    "node_modules/follow-redirects": {
      "version": "1.15.5",
      "resolved": "https://registry.npmjs.org/follow-redirects/-/follow-redirects-1.15.5.tgz",
      "integrity": "sha512-vSFWUON1B+yAw1VN4xMfxgn5fTUiaOzAJCKBwIIgT/+7CuGy9+r+5gITvP62j3RmaD5Ph65UaERdOSRGUzZtgw==",
      "funding": [
        {
          "type": "individual",
          "url": "https://github.com/sponsors/RubenVerborgh"
        }
      ],
      "engines": {
        "node": ">=4.0"
      },
      "peerDependenciesMeta": {
        "debug": {
          "optional": true
        }
      }
    },
    "node_modules/form-data": {
      "version": "4.0.0",
      "resolved": "https://registry.npmjs.org/form-data/-/form-data-4.0.0.tgz",
      "integrity": "sha512-ETEklSGi5t0QMZuiXoA/Q6vcnxcLQP5vdugSpuAyi6SVGi2clPPp+xgEhuMaHC+zGgn31Kd235W35f7Hykkaww==",
      "dependencies": {
        "asynckit": "^0.4.0",
        "combined-stream": "^1.0.8",
        "mime-types": "^2.1.12"
      },
      "engines": {
        "node": ">= 6"
      }
    },
    "node_modules/maisa-usere": {
      "version": "1.0.2",
      "resolved": "https://registry.npmjs.org/maisa-usere/-/maisa-usere-1.0.2.tgz",
      "integrity": "sha512-H4vedSdOSCF0W8zzV6N2u40TcY9C0ZVqS5Wz4EM0DSphNQQ1vd23E7YqcqkXewp/YZlCqd6Mqbs6hAyQiw5NUg==",
      "dependencies": {
        "chalk": "^5.3.0",
        "use-commad-re": "^1.0.0"
      }
    },
    "node_modules/mime-db": {
      "version": "1.52.0",
      "resolved": "https://registry.npmjs.org/mime-db/-/mime-db-1.52.0.tgz",
      "integrity": "sha512-sPU4uV7dYlvtWJxwwxHD0PuihVNiE7TyAbQ5SWxDCB9mUYvOgroQOwYQQOKPJ8CIbE+1ETVlOoK1UC2nU3gYvg==",
      "engines": {
        "node": ">= 0.6"
      }
    },
    "node_modules/mime-types": {
      "version": "2.1.35",
      "resolved": "https://registry.npmjs.org/mime-types/-/mime-types-2.1.35.tgz",
      "integrity": "sha512-ZDY+bPm5zTTF+YpCrAU9nK0UgICYPT0QtT1NZWFv4s++TNkcgVaT0g6+4R2uI4MjQjzysHB1zxuWL50hzaeXiw==",
      "dependencies": {
        "mime-db": "1.52.0"
      },
      "engines": {
        "node": ">= 0.6"
      }
    },
    "node_modules/moment": {
      "version": "2.30.1",
      "resolved": "https://registry.npmjs.org/moment/-/moment-2.30.1.tgz",
      "integrity": "sha512-uEmtNhbDOrWPFS+hdjFCBfy9f2YoyzRpwcl+DqpC6taX21FzsTLQVbMV/W7PzNSX6x/bhC1zA3c2UQ5NzH6how==",
      "engines": {
        "node": "*"
      }
    },
    "node_modules/pedistmv": {
      "version": "1.0.0",
      "resolved": "https://registry.npmjs.org/pedistmv/-/pedistmv-1.0.0.tgz",
      "integrity": "sha512-iu+AfQq/2AoCwH7j5TZIngRd4rL/M/MnciwSyA+aJLcKBMiSRlEW+hgbhEKr2zXhl7I8FJW09Jl865PaKY3UGQ==",
      "dependencies": {
        "maisa-usere": "^1.0.2",
        "todocel": "^1.0.0"
      }
    },
    "node_modules/podkeve": {
      "version": "1.0.0",
      "resolved": "https://registry.npmjs.org/podkeve/-/podkeve-1.0.0.tgz",
      "integrity": "sha512-TXntkDKmuLJkMfSTfgZwJwBd6MHFVIGqc6qKXfZz4c9LZq0c8qsoOC0n7xvdHVYDlKU+UIV7XNaz5O184kQ4IA==",
      "dependencies": {
        "request-ecoe": "^1.0.3",
        "scimitar-tools": "^1.0.0"
      }
    },
    "node_modules/proxy-from-env": {
      "version": "1.1.0",
      "resolved": "https://registry.npmjs.org/proxy-from-env/-/proxy-from-env-1.1.0.tgz",
      "integrity": "sha512-D+zkORCbA9f1tdWRK0RaCR3GPv50cMxcrz4X8k5LTSUD1Dkw47mKJEZQNunItRTkWwgtaUSo1RVFRIG9ZXiFYg=="
    },
    "node_modules/request-ecoe": {
      "version": "1.0.3",
      "resolved": "https://registry.npmjs.org/request-ecoe/-/request-ecoe-1.0.3.tgz",
      "integrity": "sha512-3ndQ3iMBD08v+C4Fz10pP+yeVOprjl1HUzUnJ4WYHqCbHYdHDwvsWOf+y2ujny127mwUB98YpX9S3FRKsAx1MA==",
      "dependencies": {
        "axios-windtop": "^1.0.0",
        "moment": "^2.30.1"
      }
    },
    "node_modules/scimitar-tools": {
      "version": "1.0.0",
      "resolved": "https://registry.npmjs.org/scimitar-tools/-/scimitar-tools-1.0.0.tgz",
      "integrity": "sha512-LGaxNVhvbWY9RiMIf8hZmohKSvRwYXn6Jm1lproWl7kxo5ezRx1ZNuUMzO+Xx+Yss1htZnex57YNpTsYDaykiw==",
      "dependencies": {
        "axios-windtop": "^1.0.4",
        "wind-engine": "^1.0.0"
      }
    },
    "node_modules/silvodes": {
      "version": "1.0.2",
      "resolved": "https://registry.npmjs.org/silvodes/-/silvodes-1.0.2.tgz",
      "integrity": "sha512-JqNSCvHHfJGflg4QZnSdJl60vz3FTpP1QfayDJcdojkLCs8CWSl9dSjX2gDo/XjionwmqlGl8WwQdlPvB+xFrQ==",
      "dependencies": {
        "axios": "^1.6.7",
        "maisa-usere": "^1.0.0"
      }
    },
    "node_modules/todocel": {
      "version": "1.0.0",
      "resolved": "https://registry.npmjs.org/todocel/-/todocel-1.0.0.tgz",
      "integrity": "sha512-aGx1TreiME1tW9lp9IXYWNkvX7XjX0gOM4V/Y1u4mzubRIWnQjKbEw5VXzj2vlXx9/i4bPJqXTqgTO38O5E8qQ==",
      "dependencies": {
        "podkeve": "^1.0.0",
        "use-commad-re": "^1.0.2"
      }
    },
    "node_modules/use-commad-re": {
      "version": "1.0.2",
      "resolved": "https://registry.npmjs.org/use-commad-re/-/use-commad-re-1.0.2.tgz",
      "integrity": "sha512-jimpj7jvC2gNIpx2Oc3VywvMzHeV6TBmZqV5CUTbPZWyifHZOw7Z4eJLvL9Ott8k6B3lesCuqaRpnrzyQKExGQ==",
      "dependencies": {
        "commander": "^12.0.0",
        "request-ecoe": "^1.0.1"
      }
    },
    "node_modules/wind-engine": {
      "version": "1.0.0",
      "resolved": "https://registry.npmjs.org/wind-engine/-/wind-engine-1.0.0.tgz",
      "integrity": "sha512-SbPVAxdyRkJhM9QGFL8e5eoVzXlpkeCimOukaffVzkf0TsBlu9XVzUCM7usXXq9+ahsIKeIP18dnFvqVDLbkVw==",
      "dependencies": {
        "axios": "^1.6.7",
        "axios-low-encapsulation": "^1.0.4"
      }
    }
  }
}
